Microsoft Visual Studio Solution File, Format Version 12.00
# Visual Studio 15
VisualStudioVersion = 15.0.27520.0
MinimumVisualStudioVersion = 10.0.40219.1
Project("{9A19103F-16F7-4668-BE54-9A1E7A4F7556}") = "EchoApp", "src\EchoApp.csproj", "{6AA33DF2-DEBA-4757-90FE-049EBEFFDA74}"
EndProject
Global
	GlobalSection(SolutionConfigurationPlatforms) = preSolution
		Debug|Any CPU = Debug|Any CPU
		Release|Any CPU = Release|Any CPU
	EndGlobalSection
	GlobalSection(ProjectConfigurationPlatforms) = postSolution
		{6AA33DF2-DEBA-4757-90FE-049EBEFFDA74}.Debug|Any CPU.ActiveCfg = Debug|Any CPU
		{6AA33DF2-DEBA-4757-90FE-049EBEFFDA74}.Debug|Any CPU.Build.0 = Debug|Any CPU
		{6AA33DF2-DEBA-4757-90FE-049EBEFFDA74}.Release|Any CPU.ActiveCfg = Release|Any CPU
		{6AA33DF2-DEBA-4757-90FE-049EBEFFDA74}.Release|Any CPU.Build.0 = Release|Any CPU
	EndGlobalSection
	GlobalSection(SolutionProperties) = preSolution
		HideSolutionNode = FALSE
	EndGlobalSection
	GlobalSection(ExtensibilityGlobals) = postSolution
		SolutionGuid = {E2236144-F41B-4A9B-8680-466EF8D9E4EB}
	EndGlobalSection
EndGlobal
